
Microsoft Visual Studio Solution File, Format Version 12.00
# Visual Studio Version 17
VisualStudioVersion = 17.14.36121.58
MinimumVisualStudioVersion = 10.0.40219.1
Project("{2150E333-8FDC-42A3-9474-1A3956D46DE8}") = "Services", "Services", "{02EA681E-C7D8-13C7-8484-4AC65E1B71E8}"
EndProject
Project("{2150E333-8FDC-42A3-9474-1A3956D46DE8}") = "Catalog", "Catalog", "{59086EF9-EC5B-4123-B4C4-5DC0DCD2158B}"
EndProject
Project("{FAE04EC0-301F-11D3-BF4B-00C04F79EFBC}") = "Catalog.API", "Services\Catalog\Catalog.API\Catalog.API.csproj", "{B88C95E2-D483-4272-ACCE-5BB6D0E0FEB2}"
EndProject
Project("{2150E333-8FDC-42A3-9474-1A3956D46DE8}") = "BuildingBlocks", "BuildingBlocks", "{951ACCCF-4B18-4374-AEA8-ACA60A0893D4}"
EndProject
Project("{FAE04EC0-301F-11D3-BF4B-00C04F79EFBC}") = "BuildingBlocks", "BuildingBlocks\BuildingBlocks\BuildingBlocks.csproj", "{3DAEBACA-6204-496F-B126-C6101544237E}"
EndProject
Project("{2150E333-8FDC-42A3-9474-1A3956D46DE8}") = "Solution Items", "Solution Items", "{D8F52BFA-D6F8-4D01-99F2-FC28BF8060CB}"
	ProjectSection(SolutionItems) = preProject
		.editorconfig = .editorconfig
	EndProjectSection
EndProject
Project("{E53339B2-1760-4266-BCC7-CA923CBCF16C}") = "docker-compose", "docker-compose.dcproj", "{81DDED9D-158B-E303-5F62-77A2896D2A5A}"
EndProject
Project("{2150E333-8FDC-42A3-9474-1A3956D46DE8}") = "Basket", "Basket", "{544F8685-A5E2-4C16-8127-B437106DA218}"
EndProject
Project("{FAE04EC0-301F-11D3-BF4B-00C04F79EFBC}") = "Basket.API", "Services\Basket\Basket.API\Basket.API.csproj", "{B206FAC7-9366-48AE-B1D7-DE8FE06DC068}"
EndProject
Project("{2150E333-8FDC-42A3-9474-1A3956D46DE8}") = "Discount", "Discount", "{6AF66762-9F18-4773-9E3C-E933F9F1651E}"
EndProject
Project("{FAE04EC0-301F-11D3-BF4B-00C04F79EFBC}") = "Discount.Grpc", "Services\Discount\Discount.Grpc\Discount.Grpc.csproj", "{E363BDB5-17CC-4D7C-BC34-1674F1E75A3D}"
EndProject
Project("{2150E333-8FDC-42A3-9474-1A3956D46DE8}") = "Ordering", "Ordering", "{E32FEBFE-8FEE-4A50-8A0D-47312999B665}"
EndProject
Project("{FAE04EC0-301F-11D3-BF4B-00C04F79EFBC}") = "Ordering.API", "Services\Ordering\Ordering.API\Ordering.API.csproj", "{8A889358-6959-434B-BDBE-838A567CD13D}"
EndProject
Project("{FAE04EC0-301F-11D3-BF4B-00C04F79EFBC}") = "Ordering.Domain", "Services\Ordering\Ordering.Domain\Ordering.Domain.csproj", "{393F5D3C-515B-4D99-B795-0FE71F5AF2B1}"
EndProject
Project("{FAE04EC0-301F-11D3-BF4B-00C04F79EFBC}") = "Ordering.Application", "Services\Ordering\Ordering.Application\Ordering.Application.csproj", "{BCF45617-634E-42F7-A73E-D7AE2AD5CAD6}"
EndProject
Project("{FAE04EC0-301F-11D3-BF4B-00C04F79EFBC}") = "Ordering.Infrastructure", "Services\Ordering\Ordering.Infrastructure\Ordering.Infrastructure.csproj", "{A8A41BF3-A91B-4D36-B125-55B9902E4DB9}"
EndProject
Project("{FAE04EC0-301F-11D3-BF4B-00C04F79EFBC}") = "BuildingBlocks.Messaging", "BuildingBlocks\BuildingBlocks.Messaging\BuildingBlocks.Messaging.csproj", "{208C0B3B-A230-4E79-8D5F-314CABF1A9AC}"
EndProject
Global
	GlobalSection(SolutionConfigurationPlatforms) = preSolution
		Debug|Any CPU = Debug|Any CPU
		Release|Any CPU = Release|Any CPU
	EndGlobalSection
	GlobalSection(ProjectConfigurationPlatforms) = postSolution
		{B88C95E2-D483-4272-ACCE-5BB6D0E0FEB2}.Debug|Any CPU.ActiveCfg = Debug|Any CPU
		{B88C95E2-D483-4272-ACCE-5BB6D0E0FEB2}.Debug|Any CPU.Build.0 = Debug|Any CPU
		{B88C95E2-D483-4272-ACCE-5BB6D0E0FEB2}.Release|Any CPU.ActiveCfg = Release|Any CPU
		{B88C95E2-D483-4272-ACCE-5BB6D0E0FEB2}.Release|Any CPU.Build.0 = Release|Any CPU
		{3DAEBACA-6204-496F-B126-C6101544237E}.Debug|Any CPU.ActiveCfg = Debug|Any CPU
		{3DAEBACA-6204-496F-B126-C6101544237E}.Debug|Any CPU.Build.0 = Debug|Any CPU
		{3DAEBACA-6204-496F-B126-C6101544237E}.Release|Any CPU.ActiveCfg = Release|Any CPU
		{3DAEBACA-6204-496F-B126-C6101544237E}.Release|Any CPU.Build.0 = Release|Any CPU
		{81DDED9D-158B-E303-5F62-77A2896D2A5A}.Debug|Any CPU.ActiveCfg = Debug|Any CPU
		{81DDED9D-158B-E303-5F62-77A2896D2A5A}.Debug|Any CPU.Build.0 = Debug|Any CPU
		{81DDED9D-158B-E303-5F62-77A2896D2A5A}.Release|Any CPU.ActiveCfg = Release|Any CPU
		{81DDED9D-158B-E303-5F62-77A2896D2A5A}.Release|Any CPU.Build.0 = Release|Any CPU
		{B206FAC7-9366-48AE-B1D7-DE8FE06DC068}.Debug|Any CPU.ActiveCfg = Debug|Any CPU
		{B206FAC7-9366-48AE-B1D7-DE8FE06DC068}.Debug|Any CPU.Build.0 = Debug|Any CPU
		{B206FAC7-9366-48AE-B1D7-DE8FE06DC068}.Release|Any CPU.ActiveCfg = Release|Any CPU
		{B206FAC7-9366-48AE-B1D7-DE8FE06DC068}.Release|Any CPU.Build.0 = Release|Any CPU
		{E363BDB5-17CC-4D7C-BC34-1674F1E75A3D}.Debug|Any CPU.ActiveCfg = Debug|Any CPU
		{E363BDB5-17CC-4D7C-BC34-1674F1E75A3D}.Debug|Any CPU.Build.0 = Debug|Any CPU
		{E363BDB5-17CC-4D7C-BC34-1674F1E75A3D}.Release|Any CPU.ActiveCfg = Release|Any CPU
		{E363BDB5-17CC-4D7C-BC34-1674F1E75A3D}.Release|Any CPU.Build.0 = Release|Any CPU
		{8A889358-6959-434B-BDBE-838A567CD13D}.Debug|Any CPU.ActiveCfg = Debug|Any CPU
		{8A889358-6959-434B-BDBE-838A567CD13D}.Debug|Any CPU.Build.0 = Debug|Any CPU
		{8A889358-6959-434B-BDBE-838A567CD13D}.Release|Any CPU.ActiveCfg = Release|Any CPU
		{8A889358-6959-434B-BDBE-838A567CD13D}.Release|Any CPU.Build.0 = Release|Any CPU
		{393F5D3C-515B-4D99-B795-0FE71F5AF2B1}.Debug|Any CPU.ActiveCfg = Debug|Any CPU
		{393F5D3C-515B-4D99-B795-0FE71F5AF2B1}.Debug|Any CPU.Build.0 = Debug|Any CPU
		{393F5D3C-515B-4D99-B795-0FE71F5AF2B1}.Release|Any CPU.ActiveCfg = Release|Any CPU
		{393F5D3C-515B-4D99-B795-0FE71F5AF2B1}.Release|Any CPU.Build.0 = Release|Any CPU
		{BCF45617-634E-42F7-A73E-D7AE2AD5CAD6}.Debug|Any CPU.ActiveCfg = Debug|Any CPU
		{BCF45617-634E-42F7-A73E-D7AE2AD5CAD6}.Debug|Any CPU.Build.0 = Debug|Any CPU
		{BCF45617-634E-42F7-A73E-D7AE2AD5CAD6}.Release|Any CPU.ActiveCfg = Release|Any CPU
		{BCF45617-634E-42F7-A73E-D7AE2AD5CAD6}.Release|Any CPU.Build.0 = Release|Any CPU
		{A8A41BF3-A91B-4D36-B125-55B9902E4DB9}.Debug|Any CPU.ActiveCfg = Debug|Any CPU
		{A8A41BF3-A91B-4D36-B125-55B9902E4DB9}.Debug|Any CPU.Build.0 = Debug|Any CPU
		{A8A41BF3-A91B-4D36-B125-55B9902E4DB9}.Release|Any CPU.ActiveCfg = Release|Any CPU
		{A8A41BF3-A91B-4D36-B125-55B9902E4DB9}.Release|Any CPU.Build.0 = Release|Any CPU
		{208C0B3B-A230-4E79-8D5F-314CABF1A9AC}.Debug|Any CPU.ActiveCfg = Debug|Any CPU
		{208C0B3B-A230-4E79-8D5F-314CABF1A9AC}.Debug|Any CPU.Build.0 = Debug|Any CPU
		{208C0B3B-A230-4E79-8D5F-314CABF1A9AC}.Release|Any CPU.ActiveCfg = Release|Any CPU
		{208C0B3B-A230-4E79-8D5F-314CABF1A9AC}.Release|Any CPU.Build.0 = Release|Any CPU
	EndGlobalSection
	GlobalSection(SolutionProperties) = preSolution
		HideSolutionNode = FALSE
	EndGlobalSection
	GlobalSection(NestedProjects) = preSolution
		{59086EF9-EC5B-4123-B4C4-5DC0DCD2158B} = {02EA681E-C7D8-13C7-8484-4AC65E1B71E8}
		{B88C95E2-D483-4272-ACCE-5BB6D0E0FEB2} = {59086EF9-EC5B-4123-B4C4-5DC0DCD2158B}
		{3DAEBACA-6204-496F-B126-C6101544237E} = {951ACCCF-4B18-4374-AEA8-ACA60A0893D4}
		{544F8685-A5E2-4C16-8127-B437106DA218} = {02EA681E-C7D8-13C7-8484-4AC65E1B71E8}
		{B206FAC7-9366-48AE-B1D7-DE8FE06DC068} = {544F8685-A5E2-4C16-8127-B437106DA218}
		{6AF66762-9F18-4773-9E3C-E933F9F1651E} = {02EA681E-C7D8-13C7-8484-4AC65E1B71E8}
		{E363BDB5-17CC-4D7C-BC34-1674F1E75A3D} = {6AF66762-9F18-4773-9E3C-E933F9F1651E}
		{E32FEBFE-8FEE-4A50-8A0D-47312999B665} = {02EA681E-C7D8-13C7-8484-4AC65E1B71E8}
		{8A889358-6959-434B-BDBE-838A567CD13D} = {E32FEBFE-8FEE-4A50-8A0D-47312999B665}
		{393F5D3C-515B-4D99-B795-0FE71F5AF2B1} = {E32FEBFE-8FEE-4A50-8A0D-47312999B665}
		{BCF45617-634E-42F7-A73E-D7AE2AD5CAD6} = {E32FEBFE-8FEE-4A50-8A0D-47312999B665}
		{A8A41BF3-A91B-4D36-B125-55B9902E4DB9} = {E32FEBFE-8FEE-4A50-8A0D-47312999B665}
		{208C0B3B-A230-4E79-8D5F-314CABF1A9AC} = {951ACCCF-4B18-4374-AEA8-ACA60A0893D4}
	EndGlobalSection
	GlobalSection(ExtensibilityGlobals) = postSolution
		SolutionGuid = {FB40E5C1-2B1F-48EE-AA52-B39D2BB429A7}
	EndGlobalSection
EndGlobal
