
Microsoft Visual Studio Solution File, Format Version 12.00
# Visual Studio Version 17
VisualStudioVersion = 17.11.35327.3
MinimumVisualStudioVersion = 10.0.40219.1
Project("{2150E333-8FDC-42A3-9474-1A3956D46DE8}") = "Services", "Services", "{E8B34E3C-6885-4525-90B9-F95EA230D1A6}"
EndProject
Project("{2150E333-8FDC-42A3-9474-1A3956D46DE8}") = "Catalog", "Catalog", "{79AA71F0-EE21-43A7-B52D-29CD70D36E0E}"
EndProject
Project("{9A19103F-16F7-4668-BE54-9A1E7A4F7556}") = "Catalog.API", "Services\Catalog\Catalog.API\Catalog.API.csproj", "{FBBA47C0-29AF-411C-8053-B85144B59E03}"
EndProject
Project("{2150E333-8FDC-42A3-9474-1A3956D46DE8}") = "BuildingBlocks", "BuildingBlocks", "{32C7BECF-12BB-41E8-972D-1C9951ED1A68}"
EndProject
Project("{9A19103F-16F7-4668-BE54-9A1E7A4F7556}") = "BuildingBlocks", "BuildingBlocks\BuildingBlocks\BuildingBlocks.csproj", "{94DE95F5-00DE-4E00-B440-92378C9A7C90}"
EndProject
Project("{E53339B2-1760-4266-BCC7-CA923CBCF16C}") = "docker-compose", "docker-compose.dcproj", "{10A7BE97-887E-4571-B1DE-500FDA08FB66}"
EndProject
Project("{2150E333-8FDC-42A3-9474-1A3956D46DE8}") = "Basket", "Basket", "{2FC35E5C-189F-4616-8014-8F327D540307}"
EndProject
Project("{FAE04EC0-301F-11D3-BF4B-00C04F79EFBC}") = "Basket.API", "Services\Basket\Basket.API\Basket.API.csproj", "{874C7FDB-1AA0-408F-8C68-73E0A1281FB7}"
EndProject
Project("{2150E333-8FDC-42A3-9474-1A3956D46DE8}") = "Discount", "Discount", "{D601CF9A-CFF0-4F1C-BCF3-A9D48B2D0E74}"
EndProject
Project("{FAE04EC0-301F-11D3-BF4B-00C04F79EFBC}") = "Discount.Grpc", "Services\Discount\Discount.Grpc\Discount.Grpc.csproj", "{5106DC42-2704-4D39-A6B5-0B632E7BC6B3}"
EndProject
Project("{2150E333-8FDC-42A3-9474-1A3956D46DE8}") = "Ordering", "Ordering", "{4ECC414E-1564-4775-9B8E-3B1ABA896DCA}"
EndProject
Project("{FAE04EC0-301F-11D3-BF4B-00C04F79EFBC}") = "Ordering.API", "Services\Ordering\Ordering.API\Ordering.API.csproj", "{AC5918A5-7997-425D-908F-A4D812E63F44}"
EndProject
Project("{FAE04EC0-301F-11D3-BF4B-00C04F79EFBC}") = "Ordering.Domain", "Services\Ordering\Ordering.Domain\Ordering.Domain.csproj", "{1F10AC1B-83F3-41EB-B3DC-B51DCAB50FE2}"
EndProject
Global
	GlobalSection(SolutionConfigurationPlatforms) = preSolution
		Debug|Any CPU = Debug|Any CPU
		Release|Any CPU = Release|Any CPU
	EndGlobalSection
	GlobalSection(ProjectConfigurationPlatforms) = postSolution
		{FBBA47C0-29AF-411C-8053-B85144B59E03}.Debug|Any CPU.ActiveCfg = Debug|Any CPU
		{FBBA47C0-29AF-411C-8053-B85144B59E03}.Debug|Any CPU.Build.0 = Debug|Any CPU
		{FBBA47C0-29AF-411C-8053-B85144B59E03}.Release|Any CPU.ActiveCfg = Release|Any CPU
		{FBBA47C0-29AF-411C-8053-B85144B59E03}.Release|Any CPU.Build.0 = Release|Any CPU
		{94DE95F5-00DE-4E00-B440-92378C9A7C90}.Debug|Any CPU.ActiveCfg = Debug|Any CPU
		{94DE95F5-00DE-4E00-B440-92378C9A7C90}.Debug|Any CPU.Build.0 = Debug|Any CPU
		{94DE95F5-00DE-4E00-B440-92378C9A7C90}.Release|Any CPU.ActiveCfg = Release|Any CPU
		{94DE95F5-00DE-4E00-B440-92378C9A7C90}.Release|Any CPU.Build.0 = Release|Any CPU
		{10A7BE97-887E-4571-B1DE-500FDA08FB66}.Debug|Any CPU.ActiveCfg = Debug|Any CPU
		{10A7BE97-887E-4571-B1DE-500FDA08FB66}.Debug|Any CPU.Build.0 = Debug|Any CPU
		{10A7BE97-887E-4571-B1DE-500FDA08FB66}.Release|Any CPU.ActiveCfg = Release|Any CPU
		{10A7BE97-887E-4571-B1DE-500FDA08FB66}.Release|Any CPU.Build.0 = Release|Any CPU
		{874C7FDB-1AA0-408F-8C68-73E0A1281FB7}.Debug|Any CPU.ActiveCfg = Debug|Any CPU
		{874C7FDB-1AA0-408F-8C68-73E0A1281FB7}.Debug|Any CPU.Build.0 = Debug|Any CPU
		{874C7FDB-1AA0-408F-8C68-73E0A1281FB7}.Release|Any CPU.ActiveCfg = Release|Any CPU
		{874C7FDB-1AA0-408F-8C68-73E0A1281FB7}.Release|Any CPU.Build.0 = Release|Any CPU
		{5106DC42-2704-4D39-A6B5-0B632E7BC6B3}.Debug|Any CPU.ActiveCfg = Debug|Any CPU
		{5106DC42-2704-4D39-A6B5-0B632E7BC6B3}.Debug|Any CPU.Build.0 = Debug|Any CPU
		{5106DC42-2704-4D39-A6B5-0B632E7BC6B3}.Release|Any CPU.ActiveCfg = Release|Any CPU
		{5106DC42-2704-4D39-A6B5-0B632E7BC6B3}.Release|Any CPU.Build.0 = Release|Any CPU
		{AC5918A5-7997-425D-908F-A4D812E63F44}.Debug|Any CPU.ActiveCfg = Debug|Any CPU
		{AC5918A5-7997-425D-908F-A4D812E63F44}.Debug|Any CPU.Build.0 = Debug|Any CPU
		{AC5918A5-7997-425D-908F-A4D812E63F44}.Release|Any CPU.ActiveCfg = Release|Any CPU
		{AC5918A5-7997-425D-908F-A4D812E63F44}.Release|Any CPU.Build.0 = Release|Any CPU
		{1F10AC1B-83F3-41EB-B3DC-B51DCAB50FE2}.Debug|Any CPU.ActiveCfg = Debug|Any CPU
		{1F10AC1B-83F3-41EB-B3DC-B51DCAB50FE2}.Debug|Any CPU.Build.0 = Debug|Any CPU
		{1F10AC1B-83F3-41EB-B3DC-B51DCAB50FE2}.Release|Any CPU.ActiveCfg = Release|Any CPU
		{1F10AC1B-83F3-41EB-B3DC-B51DCAB50FE2}.Release|Any CPU.Build.0 = Release|Any CPU
	EndGlobalSection
	GlobalSection(SolutionProperties) = preSolution
		HideSolutionNode = FALSE
	EndGlobalSection
	GlobalSection(NestedProjects) = preSolution
		{79AA71F0-EE21-43A7-B52D-29CD70D36E0E} = {E8B34E3C-6885-4525-90B9-F95EA230D1A6}
		{FBBA47C0-29AF-411C-8053-B85144B59E03} = {79AA71F0-EE21-43A7-B52D-29CD70D36E0E}
		{94DE95F5-00DE-4E00-B440-92378C9A7C90} = {32C7BECF-12BB-41E8-972D-1C9951ED1A68}
		{2FC35E5C-189F-4616-8014-8F327D540307} = {E8B34E3C-6885-4525-90B9-F95EA230D1A6}
		{874C7FDB-1AA0-408F-8C68-73E0A1281FB7} = {2FC35E5C-189F-4616-8014-8F327D540307}
		{D601CF9A-CFF0-4F1C-BCF3-A9D48B2D0E74} = {E8B34E3C-6885-4525-90B9-F95EA230D1A6}
		{5106DC42-2704-4D39-A6B5-0B632E7BC6B3} = {D601CF9A-CFF0-4F1C-BCF3-A9D48B2D0E74}
		{4ECC414E-1564-4775-9B8E-3B1ABA896DCA} = {E8B34E3C-6885-4525-90B9-F95EA230D1A6}
		{AC5918A5-7997-425D-908F-A4D812E63F44} = {4ECC414E-1564-4775-9B8E-3B1ABA896DCA}
		{1F10AC1B-83F3-41EB-B3DC-B51DCAB50FE2} = {4ECC414E-1564-4775-9B8E-3B1ABA896DCA}
	EndGlobalSection
	GlobalSection(ExtensibilityGlobals) = postSolution
		SolutionGuid = {515C7FB3-A851-4306-8B2F-E523A757FF9A}
	EndGlobalSection
EndGlobal
